// !$*UTF8*$!
{
	archiveVersion = 1;
	classes = {
	};
	objectVersion = 46;
	objects = {

/* Begin PBXBuildFile section */
		4C6AFAEC1959EE2A00DC933D /* AppDelegate.swift in Sources */ = {isa = PBXBuildFile; fileRef = 4C6AFAEB1959EE2A00DC933D /* AppDelegate.swift */; };
		4C6AFAEE1959EE2A00DC933D /* ViewController.swift in Sources */ = {isa = PBXBuildFile; fileRef = 4C6AFAED1959EE2A00DC933D /* ViewController.swift */; };
		4C6AFAF11959EE2A00DC933D /* Main.storyboard in Resources */ = {isa = PBXBuildFile; fileRef = 4C6AFAEF1959EE2A00DC933D /* Main.storyboard */; };
		4C6AFAF31959EE2A00DC933D /* Images.xcassets in Resources */ = {isa = PBXBuildFile; fileRef = 4C6AFAF21959EE2A00DC933D /* Images.xcassets */; };
		4C6AFAFF1959EE2A00DC933D /* ToolMakerTests.swift in Sources */ = {isa = PBXBuildFile; fileRef = 4C6AFAFE1959EE2A00DC933D /* ToolMakerTests.swift */; };
/* End PBXBuildFile section */

/* Begin PBXContainerItemProxy section */
		4C6AFAF91959EE2A00DC933D /* PBXContainerItemProxy */ = {
			isa = PBXContainerItemProxy;
			containerPortal = 4C6AFADE1959EE2A00DC933D /* Project object */;
			proxyType = 1;
			remoteGlobalIDString = 4C6AFAE51959EE2A00DC933D;
			remoteInfo = ToolMaker;
		};
/* End PBXContainerItemProxy section */

/* Begin PBXFileReference section */
		4C6AFAE61959EE2A00DC933D /* ToolMaker.app */ = {isa = PBXFileReference; explicitFileType = wrapper.application; includeInIndex = 0; path = ToolMaker.app; sourceTree = BUILT_PRODUCTS_DIR; };
		4C6AFAEA1959EE2A00DC933D /* Info.plist */ = {isa = PBXFileReference; lastKnownFileType = text.plist.xml; path = Info.plist; sourceTree = "<group>"; };
		4C6AFAEB1959EE2A00DC933D /* AppDelegate.swift */ = {isa = PBXFileReference; lastKnownFileType = sourcecode.swift; path = AppDelegate.swift; sourceTree = "<group>"; };
		4C6AFAED1959EE2A00DC933D /* ViewController.swift */ = {isa = PBXFileReference; lastKnownFileType = sourcecode.swift; path = ViewController.swift; sourceTree = "<group>"; };
		4C6AFAF01959EE2A00DC933D /* Base */ = {isa = PBXFileReference; lastKnownFileType = file.storyboard; name = Base; path = Base.lproj/Main.storyboard; sourceTree = "<group>"; };
		4C6AFAF21959EE2A00DC933D /* Images.xcassets */ = {isa = PBXFileReference; lastKnownFileType = folder.assetcatalog; path = Images.xcassets; sourceTree = "<group>"; };
		4C6AFAF81959EE2A00DC933D /* ToolMakerTests.xctest */ = {isa = PBXFileReference; explicitFileType = wrapper.cfbundle; includeInIndex = 0; path = ToolMakerTests.xctest; sourceTree = BUILT_PRODUCTS_DIR; };
		4C6AFAFD1959EE2A00DC933D /* Info.plist */ = {isa = PBXFileReference; lastKnownFileType = text.plist.xml; path = Info.plist; sourceTree = "<group>"; };
		4C6AFAFE1959EE2A00DC933D /* ToolMakerTests.swift */ = {isa = PBXFileReference; lastKnownFileType = sourcecode.swift; path = ToolMakerTests.swift; sourceTree = "<group>"; };
/* End PBXFileReference section */

/* Begin PBXFrameworksBuildPhase section */
		4C6AFAE31959EE2A00DC933D /* Frameworks */ = {
			isa = PBXFrameworksBuildPhase;
			buildActionMask = 2147483647;
			files = (
			);
			runOnlyForDeploymentPostprocessing = 0;
		};
		4C6AFAF51959EE2A00DC933D /* Frameworks */ = {
			isa = PBXFrameworksBuildPhase;
			buildActionMask = 2147483647;
			files = (
			);
			runOnlyForDeploymentPostprocessing = 0;
		};
/* End PBXFrameworksBuildPhase section */

/* Begin PBXGroup section */
		4C6AFADD1959EE2A00DC933D = {
			isa = PBXGroup;
			children = (
				4C6AFAE81959EE2A00DC933D /* ToolMaker */,
				4C6AFAFB1959EE2A00DC933D /* ToolMakerTests */,
				4C6AFAE71959EE2A00DC933D /* Products */,
			);
			sourceTree = "<group>";
		};
		4C6AFAE71959EE2A00DC933D /* Products */ = {
			isa = PBXGroup;
			children = (
				4C6AFAE61959EE2A00DC933D /* ToolMaker.app */,
				4C6AFAF81959EE2A00DC933D /* ToolMakerTests.xctest */,
			);
			name = Products;
			sourceTree = "<group>";
		};
		4C6AFAE81959EE2A00DC933D /* ToolMaker */ = {
			isa = PBXGroup;
			children = (
				4C6AFAEB1959EE2A00DC933D /* AppDelegate.swift */,
				4C6AFAED1959EE2A00DC933D /* ViewController.swift */,
				4C6AFAEF1959EE2A00DC933D /* Main.storyboard */,
				4C6AFAF21959EE2A00DC933D /* Images.xcassets */,
				4C6AFAE91959EE2A00DC933D /* Supporting Files */,
			);
			path = ToolMaker;
			sourceTree = "<group>";
		};
		4C6AFAE91959EE2A00DC933D /* Supporting Files */ = {
			isa = PBXGroup;
			children = (
				4C6AFAEA1959EE2A00DC933D /* Info.plist */,
			);
			name = "Supporting Files";
			sourceTree = "<group>";
		};
		4C6AFAFB1959EE2A00DC933D /* ToolMakerTests */ = {
			isa = PBXGroup;
			children = (
				4C6AFAFE1959EE2A00DC933D /* ToolMakerTests.swift */,
				4C6AFAFC1959EE2A00DC933D /* Supporting Files */,
			);
			path = ToolMakerTests;
			sourceTree = "<group>";
		};
		4C6AFAFC1959EE2A00DC933D /* Supporting Files */ = {
			isa = PBXGroup;
			children = (
				4C6AFAFD1959EE2A00DC933D /* Info.plist */,
			);
			name = "Supporting Files";
			sourceTree = "<group>";
		};
/* End PBXGroup section */

/* Begin PBXNativeTarget section */
		4C6AFAE51959EE2A00DC933D /* ToolMaker */ = {
			isa = PBXNativeTarget;
			buildConfigurationList = 4C6AFB021959EE2A00DC933D /* Build configuration list for PBXNativeTarget "ToolMaker" */;
			buildPhases = (
				4C6AFAE21959EE2A00DC933D /* Sources */,
				4C6AFAE31959EE2A00DC933D /* Frameworks */,
				4C6AFAE41959EE2A00DC933D /* Resources */,
			);
			buildRules = (
			);
			dependencies = (
			);
			name = ToolMaker;
			productName = ToolMaker;
			productReference = 4C6AFAE61959EE2A00DC933D /* ToolMaker.app */;
			productType = "com.apple.product-type.application";
		};
		4C6AFAF71959EE2A00DC933D /* ToolMakerTests */ = {
			isa = PBXNativeTarget;
			buildConfigurationList = 4C6AFB051959EE2A00DC933D /* Build configuration list for PBXNativeTarget "ToolMakerTests" */;
			buildPhases = (
				4C6AFAF41959EE2A00DC933D /* Sources */,
				4C6AFAF51959EE2A00DC933D /* Frameworks */,
				4C6AFAF61959EE2A00DC933D /* Resources */,
			);
			buildRules = (
			);
			dependencies = (
				4C6AFAFA1959EE2A00DC933D /* PBXTargetDependency */,
			);
			name = ToolMakerTests;
			productName = ToolMakerTests;
			productReference = 4C6AFAF81959EE2A00DC933D /* ToolMakerTests.xctest */;
			productType = "com.apple.product-type.bundle.unit-test";
		};
/* End PBXNativeTarget section */

/* Begin PBXProject section */
		4C6AFADE1959EE2A00DC933D /* Project object */ = {
			isa = PBXProject;
			attributes = {
				LastUpgradeCheck = 0600;
				ORGANIZATIONNAME = "Bert Muthalaly";
				TargetAttributes = {
					4C6AFAE51959EE2A00DC933D = {
						CreatedOnToolsVersion = 6.0;
					};
					4C6AFAF71959EE2A00DC933D = {
						CreatedOnToolsVersion = 6.0;
						TestTargetID = 4C6AFAE51959EE2A00DC933D;
					};
				};
			};
			buildConfigurationList = 4C6AFAE11959EE2A00DC933D /* Build configuration list for PBXProject "ToolMaker" */;
			compatibilityVersion = "Xcode 3.2";
			developmentRegion = English;
			hasScannedForEncodings = 0;
			knownRegions = (
				en,
				Base,
			);
			mainGroup = 4C6AFADD1959EE2A00DC933D;
			productRefGroup = 4C6AFAE71959EE2A00DC933D /* Products */;
			projectDirPath = "";
			projectRoot = "";
			targets = (
				4C6AFAE51959EE2A00DC933D /* ToolMaker */,
				4C6AFAF71959EE2A00DC933D /* ToolMakerTests */,
			);
		};
/* End PBXProject section */

/* Begin PBXResourcesBuildPhase section */
		4C6AFAE41959EE2A00DC933D /* Resources */ = {
			isa = PBXResourcesBuildPhase;
			buildActionMask = 2147483647;
			files = (
				4C6AFAF11959EE2A00DC933D /* Main.storyboard in Resources */,
				4C6AFAF31959EE2A00DC933D /* Images.xcassets in Resources */,
			);
			runOnlyForDeploymentPostprocessing = 0;
		};
		4C6AFAF61959EE2A00DC933D /* Resources */ = {
			isa = PBXResourcesBuildPhase;
			buildActionMask = 2147483647;
			files = (
			);
			runOnlyForDeploymentPostprocessing = 0;
		};
/* End PBXResourcesBuildPhase section */

/* Begin PBXSourcesBuildPhase section */
		4C6AFAE21959EE2A00DC933D /* Sources */ = {
			isa = PBXSourcesBuildPhase;
			buildActionMask = 2147483647;
			files = (
				4C6AFAEE1959EE2A00DC933D /* ViewController.swift in Sources */,
				4C6AFAEC1959EE2A00DC933D /* AppDelegate.swift in Sources */,
			);
			runOnlyForDeploymentPostprocessing = 0;
		};
		4C6AFAF41959EE2A00DC933D /* Sources */ = {
			isa = PBXSourcesBuildPhase;
			buildActionMask = 2147483647;
			files = (
				4C6AFAFF1959EE2A00DC933D /* ToolMakerTests.swift in Sources */,
			);
			runOnlyForDeploymentPostprocessing = 0;
		};
/* End PBXSourcesBuildPhase section */

/* Begin PBXTargetDependency section */
		4C6AFAFA1959EE2A00DC933D /* PBXTargetDependency */ = {
			isa = PBXTargetDependency;
			target = 4C6AFAE51959EE2A00DC933D /* ToolMaker */;
			targetProxy = 4C6AFAF91959EE2A00DC933D /* PBXContainerItemProxy */;
		};
/* End PBXTargetDependency section */

/* Begin PBXVariantGroup section */
		4C6AFAEF1959EE2A00DC933D /* Main.storyboard */ = {
			isa = PBXVariantGroup;
			children = (
				4C6AFAF01959EE2A00DC933D /* Base */,
			);
			name = Main.storyboard;
			sourceTree = "<group>";
		};
/* End PBXVariantGroup section */

/* Begin XCBuildConfiguration section */
		4C6AFB001959EE2A00DC933D /* Debug */ = {
			isa = XCBuildConfiguration;
			buildSettings = {
				ALWAYS_SEARCH_USER_PATHS = NO;
				CLANG_CXX_LANGUAGE_STANDARD = "gnu++0x";
				CLANG_CXX_LIBRARY = "libc++";
				CLANG_ENABLE_MODULES = YES;
				CLANG_ENABLE_OBJC_ARC = YES;
				CLANG_WARN_BOOL_CONVERSION = YES;
				CLANG_WARN_CONSTANT_CONVERSION = YES;
				CLANG_WARN_DIRECT_OBJC_ISA_USAGE = YES_ERROR;
				CLANG_WARN_EMPTY_BODY = YES;
				CLANG_WARN_ENUM_CONVERSION = YES;
				CLANG_WARN_INT_CONVERSION = YES;
				CLANG_WARN_OBJC_ROOT_CLASS = YES_ERROR;
				CLANG_WARN_UNREACHABLE_CODE = YES;
				CLANG_WARN__DUPLICATE_METHOD_MATCH = YES;
				"CODE_SIGN_IDENTITY[sdk=iphoneos*]" = "iPhone Developer";
				COPY_PHASE_STRIP = NO;
				ENABLE_STRICT_OBJC_MSGSEND = YES;
				GCC_C_LANGUAGE_STANDARD = gnu99;
				GCC_DYNAMIC_NO_PIC = NO;
				GCC_OPTIMIZATION_LEVEL = 0;
				GCC_PREPROCESSOR_DEFINITIONS = (
					"DEBUG=1",
					"$(inherited)",
				);
				GCC_SYMBOLS_PRIVATE_EXTERN = NO;
				GCC_WARN_64_TO_32_BIT_CONVERSION = YES;
				GCC_WARN_ABOUT_RETURN_TYPE = YES_ERROR;
				GCC_WARN_UNDECLARED_SELECTOR = YES;
				GCC_WARN_UNINITIALIZED_AUTOS = YES_AGGRESSIVE;
				GCC_WARN_UNUSED_FUNCTION = YES;
				GCC_WARN_UNUSED_VARIABLE = YES;
				IPHONEOS_DEPLOYMENT_TARGET = 8.0;
				METAL_ENABLE_DEBUG_INFO = YES;
				ONLY_ACTIVE_ARCH = YES;
				SDKROOT = iphoneos;
				SWIFT_OPTIMIZATION_LEVEL = "-Onone";
				TARGETED_DEVICE_FAMILY = 2;
			};
			name = Debug;
		};
		4C6AFB011959EE2A00DC933D /* Release */ = {
			isa = XCBuildConfiguration;
			buildSettings = {
				ALWAYS_SEARCH_USER_PATHS = NO;
				CLANG_CXX_LANGUAGE_STANDARD = "gnu++0x";
				CLANG_CXX_LIBRARY = "libc++";
				CLANG_ENABLE_MODULES = YES;
				CLANG_ENABLE_OBJC_ARC = YES;
				CLANG_WARN_BOOL_CONVERSION = YES;
				CLANG_WARN_CONSTANT_CONVERSION = YES;
				CLANG_WARN_DIRECT_OBJC_ISA_USAGE = YES_ERROR;
				CLANG_WARN_EMPTY_BODY = YES;
				CLANG_WARN_ENUM_CONVERSION = YES;
				CLANG_WARN_INT_CONVERSION = YES;
				CLANG_WARN_OBJC_ROOT_CLASS = YES_ERROR;
				CLANG_WARN_UNREACHABLE_CODE = YES;
				CLANG_WARN__DUPLICATE_METHOD_MATCH = YES;
				"CODE_SIGN_IDENTITY[sdk=iphoneos*]" = "iPhone Developer";
				COPY_PHASE_STRIP = YES;
				ENABLE_NS_ASSERTIONS = NO;
				ENABLE_STRICT_OBJC_MSGSEND = YES;
				GCC_C_LANGUAGE_STANDARD = gnu99;
				GCC_WARN_64_TO_32_BIT_CONVERSION = YES;
				GCC_WARN_ABOUT_RETURN_TYPE = YES_ERROR;
				GCC_WARN_UNDECLARED_SELECTOR = YES;
				GCC_WARN_UNINITIALIZED_AUTOS = YES_AGGRESSIVE;
				GCC_WARN_UNUSED_FUNCTION = YES;
				GCC_WARN_UNUSED_VARIABLE = YES;
				IPHONEOS_DEPLOYMENT_TARGET = 8.0;
				METAL_ENABLE_DEBUG_INFO = NO;
				SDKROOT = iphoneos;
				TARGETED_DEVICE_FAMILY = 2;
				VALIDATE_PRODUCT = YES;
			};
			name = Release;
		};
		4C6AFB031959EE2A00DC933D /* Debug */ = {
			isa = XCBuildConfiguration;
			buildSettings = {
				ASSETCATALOG_COMPILER_APPICON_NAME = AppIcon;
				ASSETCATALOG_COMPILER_LAUNCHIMAGE_NAME = LaunchImage;
				INFOPLIST_FILE = ToolMaker/Info.plist;
				LD_RUNPATH_SEARCH_PATHS = "$(inherited) @executable_path/Frameworks";
				PRODUCT_NAME = "$(TARGET_NAME)";
			};
			name = Debug;
		};
		4C6AFB041959EE2A00DC933D /* Release */ = {
			isa = XCBuildConfiguration;
			buildSettings = {
				ASSETCATALOG_COMPILER_APPICON_NAME = AppIcon;
				ASSETCATALOG_COMPILER_LAUNCHIMAGE_NAME = LaunchImage;
				INFOPLIST_FILE = ToolMaker/Info.plist;
				LD_RUNPATH_SEARCH_PATHS = "$(inherited) @executable_path/Frameworks";
				PRODUCT_NAME = "$(TARGET_NAME)";
			};
			name = Release;
		};
		4C6AFB061959EE2A00DC933D /* Debug */ = {
			isa = XCBuildConfiguration;
			buildSettings = {
				BUNDLE_LOADER = "$(BUILT_PRODUCTS_DIR)/ToolMaker.app/ToolMaker";
				FRAMEWORK_SEARCH_PATHS = (
					"$(SDKROOT)/Developer/Library/Frameworks",
					"$(inherited)",
				);
				GCC_PREPROCESSOR_DEFINITIONS = (
					"DEBUG=1",
					"$(inherited)",
				);
				INFOPLIST_FILE = ToolMakerTests/Info.plist;
				LD_RUNPATH_SEARCH_PATHS = "$(inherited) @executable_path/Frameworks @loader_path/Frameworks";
				METAL_ENABLE_DEBUG_INFO = YES;
				PRODUCT_NAME = "$(TARGET_NAME)";
				TEST_HOST = "$(BUNDLE_LOADER)";
			};
			name = Debug;
		};
		4C6AFB071959EE2A00DC933D /* Release */ = {
			isa = XCBuildConfiguration;
			buildSettings = {
				BUNDLE_LOADER = "$(BUILT_PRODUCTS_DIR)/ToolMaker.app/ToolMaker";
				FRAMEWORK_SEARCH_PATHS = (
					"$(SDKROOT)/Developer/Library/Frameworks",
					"$(inherited)",
				);
				INFOPLIST_FILE = ToolMakerTests/Info.plist;
				LD_RUNPATH_SEARCH_PATHS = "$(inherited) @executable_path/Frameworks @loader_path/Frameworks";
				METAL_ENABLE_DEBUG_INFO = NO;
				PRODUCT_NAME = "$(TARGET_NAME)";
				TEST_HOST = "$(BUNDLE_LOADER)";
			};
			name = Release;
		};
/* End XCBuildConfiguration section */

/* Begin XCConfigurationList section */
		4C6AFAE11959EE2A00DC933D /* Build configuration list for PBXProject "ToolMaker" */ = {
			isa = XCConfigurationList;
			buildConfigurations = (
				4C6AFB001959EE2A00DC933D /* Debug */,
				4C6AFB011959EE2A00DC933D /* Release */,
			);
			defaultConfigurationIsVisible = 0;
			defaultConfigurationName = Release;
		};
		4C6AFB021959EE2A00DC933D /* Build configuration list for PBXNativeTarget "ToolMaker" */ = {
			isa = XCConfigurationList;
			buildConfigurations = (
				4C6AFB031959EE2A00DC933D /* Debug */,
				4C6AFB041959EE2A00DC933D /* Release */,
			);
			defaultConfigurationIsVisible = 0;
		};
		4C6AFB051959EE2A00DC933D /* Build configuration list for PBXNativeTarget "ToolMakerTests" */ = {
			isa = XCConfigurationList;
			buildConfigurations = (
				4C6AFB061959EE2A00DC933D /* Debug */,
				4C6AFB071959EE2A00DC933D /* Release */,
			);
			defaultConfigurationIsVisible = 0;
		};
/* End XCConfigurationList section */
	};
	rootObject = 4C6AFADE1959EE2A00DC933D /* Project object */;
}
